
Microsoft Visual Studio Solution File, Format Version 12.00
# Visual Studio Version 17
VisualStudioVersion = 17.14.36414.22 d17.14
MinimumVisualStudioVersion = 10.0.40219.1
Project("{FAE04EC0-301F-11D3-BF4B-00C04F79EFBC}") = "Application", "Application\Application.csproj", "{6BA8445E-CDA3-4B72-B5FB-6A1FBF251FDA}"
EndProject
Project("{FAE04EC0-301F-11D3-BF4B-00C04F79EFBC}") = "TodoApi", "TodoApi\TodoApi.csproj", "{0FF75E62-1412-4340-8882-431B381A6697}"
EndProject
Project("{FAE04EC0-301F-11D3-BF4B-00C04F79EFBC}") = "Infrastructure", "Infrastructure\Infrastructure.csproj", "{0682FFBA-643A-41E7-8D94-A2C5FB7760E4}"
EndProject
Project("{FAE04EC0-301F-11D3-BF4B-00C04F79EFBC}") = "Application.Tests", "Application.Tests\Application.Tests.csproj", "{0A4A8FAA-F58D-41BE-8526-EE07BD427AA8}"
EndProject
Project("{FAE04EC0-301F-11D3-BF4B-00C04F79EFBC}") = "Infrastructure.Tests", "Infrastructure.Tests\Infrastructure.Tests.csproj", "{1DB5BDF2-B294-44CF-8DB7-C35F9716C5D5}"
EndProject
Project("{FAE04EC0-301F-11D3-BF4B-00C04F79EFBC}") = "TodoApi.Tests", "TodoApi.Tests\TodoApi.Tests.csproj", "{A8BA829A-6BA8-4C37-A5E7-01C65E038B3D}"
EndProject
Global
	GlobalSection(SolutionConfigurationPlatforms) = preSolution
		Debug|Any CPU = Debug|Any CPU
		Release|Any CPU = Release|Any CPU
	EndGlobalSection
	GlobalSection(ProjectConfigurationPlatforms) = postSolution
		{6BA8445E-CDA3-4B72-B5FB-6A1FBF251FDA}.Debug|Any CPU.ActiveCfg = Debug|Any CPU
		{6BA8445E-CDA3-4B72-B5FB-6A1FBF251FDA}.Debug|Any CPU.Build.0 = Debug|Any CPU
		{6BA8445E-CDA3-4B72-B5FB-6A1FBF251FDA}.Release|Any CPU.ActiveCfg = Release|Any CPU
		{6BA8445E-CDA3-4B72-B5FB-6A1FBF251FDA}.Release|Any CPU.Build.0 = Release|Any CPU
		{0FF75E62-1412-4340-8882-431B381A6697}.Debug|Any CPU.ActiveCfg = Debug|Any CPU
		{0FF75E62-1412-4340-8882-431B381A6697}.Debug|Any CPU.Build.0 = Debug|Any CPU
		{0FF75E62-1412-4340-8882-431B381A6697}.Release|Any CPU.ActiveCfg = Release|Any CPU
		{0FF75E62-1412-4340-8882-431B381A6697}.Release|Any CPU.Build.0 = Release|Any CPU
		{0682FFBA-643A-41E7-8D94-A2C5FB7760E4}.Debug|Any CPU.ActiveCfg = Debug|Any CPU
		{0682FFBA-643A-41E7-8D94-A2C5FB7760E4}.Debug|Any CPU.Build.0 = Debug|Any CPU
		{0682FFBA-643A-41E7-8D94-A2C5FB7760E4}.Release|Any CPU.ActiveCfg = Release|Any CPU
		{0682FFBA-643A-41E7-8D94-A2C5FB7760E4}.Release|Any CPU.Build.0 = Release|Any CPU
		{0A4A8FAA-F58D-41BE-8526-EE07BD427AA8}.Debug|Any CPU.ActiveCfg = Debug|Any CPU
		{0A4A8FAA-F58D-41BE-8526-EE07BD427AA8}.Debug|Any CPU.Build.0 = Debug|Any CPU
		{0A4A8FAA-F58D-41BE-8526-EE07BD427AA8}.Release|Any CPU.ActiveCfg = Release|Any CPU
		{0A4A8FAA-F58D-41BE-8526-EE07BD427AA8}.Release|Any CPU.Build.0 = Release|Any CPU
		{1DB5BDF2-B294-44CF-8DB7-C35F9716C5D5}.Debug|Any CPU.ActiveCfg = Debug|Any CPU
		{1DB5BDF2-B294-44CF-8DB7-C35F9716C5D5}.Debug|Any CPU.Build.0 = Debug|Any CPU
		{1DB5BDF2-B294-44CF-8DB7-C35F9716C5D5}.Release|Any CPU.ActiveCfg = Release|Any CPU
		{1DB5BDF2-B294-44CF-8DB7-C35F9716C5D5}.Release|Any CPU.Build.0 = Release|Any CPU
		{A8BA829A-6BA8-4C37-A5E7-01C65E038B3D}.Debug|Any CPU.ActiveCfg = Debug|Any CPU
		{A8BA829A-6BA8-4C37-A5E7-01C65E038B3D}.Debug|Any CPU.Build.0 = Debug|Any CPU
		{A8BA829A-6BA8-4C37-A5E7-01C65E038B3D}.Release|Any CPU.ActiveCfg = Release|Any CPU
		{A8BA829A-6BA8-4C37-A5E7-01C65E038B3D}.Release|Any CPU.Build.0 = Release|Any CPU
	EndGlobalSection
	GlobalSection(SolutionProperties) = preSolution
		HideSolutionNode = FALSE
	EndGlobalSection
	GlobalSection(ExtensibilityGlobals) = postSolution
		SolutionGuid = {AD4356A8-C31C-4CD6-8BCD-E65BEB05B4C8}
	EndGlobalSection
EndGlobal
